
Microsoft Visual Studio Solution File, Format Version 12.00
Project("{FAE04EC0-301F-11D3-BF4B-00C04F79EFBC}") = "MultiplayerCollection", "MultiplayerCollection.csproj", "{4F624A30-80E8-44CA-8DC0-A159EE49DFCD}"
EndProject
Global
	GlobalSection(SolutionConfigurationPlatforms) = preSolution
		Debug|Any CPU = Debug|Any CPU
		ExportDebug|Any CPU = ExportDebug|Any CPU
		ExportRelease|Any CPU = ExportRelease|Any CPU
	EndGlobalSection
	GlobalSection(ProjectConfigurationPlatforms) = postSolution
		{4F624A30-80E8-44CA-8DC0-A159EE49DFCD}.Debug|Any CPU.ActiveCfg = Debug|Any CPU
		{4F624A30-80E8-44CA-8DC0-A159EE49DFCD}.Debug|Any CPU.Build.0 = Debug|Any CPU
		{4F624A30-80E8-44CA-8DC0-A159EE49DFCD}.ExportDebug|Any CPU.ActiveCfg = ExportDebug|Any CPU
		{4F624A30-80E8-44CA-8DC0-A159EE49DFCD}.ExportDebug|Any CPU.Build.0 = ExportDebug|Any CPU
		{4F624A30-80E8-44CA-8DC0-A159EE49DFCD}.ExportRelease|Any CPU.ActiveCfg = ExportRelease|Any CPU
		{4F624A30-80E8-44CA-8DC0-A159EE49DFCD}.ExportRelease|Any CPU.Build.0 = ExportRelease|Any CPU
	EndGlobalSection
EndGlobal
